{
  "name": "snake-game-vue",
  "version": "0.0.0",
  "lockfileVersion": 3,
  "requires": true,
  "packages": {
    "": {
      "name": "snake-game-vue",
      "version": "0.0.0",
      "dependencies": {
        "vue": "^3.5.13"
      },
      "devDependencies": {
        "@vitejs/plugin-vue": "^5.2.2",
        "vite": "^6.3.1"
      }
    }
  }
}